
Microsoft Visual Studio Solution File, Format Version 12.00
# Visual Studio 15
VisualStudioVersion = 15.0.28307.421
MinimumVisualStudioVersion = 10.0.40219.1
Project("{9A19103F-16F7-4668-BE54-9A1E7A4F7556}") = "MythicalCreaturesInCorp", "MythicalCreaturesInCorp.\MythicalCreaturesInCorp.csproj", "{994DC711-6375-49B7-AC2A-457B13F781D9}"
EndProject
Global
	GlobalSection(SolutionConfigurationPlatforms) = preSolution
		Debug|Any CPU = Debug|Any CPU
		Release|Any CPU = Release|Any CPU
	EndGlobalSection
	GlobalSection(ProjectConfigurationPlatforms) = postSolution
		{994DC711-6375-49B7-AC2A-457B13F781D9}.Debug|Any CPU.ActiveCfg = Debug|Any CPU
		{994DC711-6375-49B7-AC2A-457B13F781D9}.Debug|Any CPU.Build.0 = Debug|Any CPU
		{994DC711-6375-49B7-AC2A-457B13F781D9}.Release|Any CPU.ActiveCfg = Release|Any CPU
		{994DC711-6375-49B7-AC2A-457B13F781D9}.Release|Any CPU.Build.0 = Release|Any CPU
	EndGlobalSection
	GlobalSection(SolutionProperties) = preSolution
		HideSolutionNode = FALSE
	EndGlobalSection
	GlobalSection(ExtensibilityGlobals) = postSolution
		SolutionGuid = {70803315-428C-450D-8470-B4612D1A1584}
	EndGlobalSection
EndGlobal
